
Microsoft Visual Studio Solution File, Format Version 12.00
# Visual Studio Version 17
VisualStudioVersion = 17.4.33103.184
MinimumVisualStudioVersion = 10.0.40219.1
Project("{9A19103F-16F7-4668-BE54-9A1E7A4F7556}") = "ProStep", "ProStep\ProStep.csproj", "{91DC3945-11C9-4731-8A5C-EBBCCB5BBFFD}"
EndProject
Project("{2150E333-8FDC-42A3-9474-1A3956D46DE8}") = "Application", "Application", "{E2BA88A1-20D3-4515-8C3D-D0CA10C4008A}"
EndProject
Project("{2150E333-8FDC-42A3-9474-1A3956D46DE8}") = "Infrastructure", "Infrastructure", "{B46611FF-5DB0-46BC-B33F-F22BE7A6988E}"
EndProject
Project("{2150E333-8FDC-42A3-9474-1A3956D46DE8}") = "BoundedContext", "BoundedContext", "{CD278B0D-AE10-48F7-AF5B-42AE326A3DA3}"
EndProject
Project("{2150E333-8FDC-42A3-9474-1A3956D46DE8}") = "SharedKernel", "SharedKernel", "{A663AE45-56FC-4426-ABFF-EE04387781D9}"
EndProject
Project("{9A19103F-16F7-4668-BE54-9A1E7A4F7556}") = "ProStep.Model", "ProStep.Model\ProStep.Model.csproj", "{33F5F2E7-8BC6-4057-A08A-57F956E634C9}"
EndProject
Project("{9A19103F-16F7-4668-BE54-9A1E7A4F7556}") = "ProStep.SharedKernel", "ProStep.SharedKernel\ProStep.SharedKernel.csproj", "{3528080D-F4A7-4E14-9034-FC23B1489EAF}"
EndProject
Project("{9A19103F-16F7-4668-BE54-9A1E7A4F7556}") = "ProStep.DataSourse", "ProStep.DataSourse\ProStep.DataSourse.csproj", "{71B0F804-AFF4-442E-A9C1-F5C41DF7931E}"
EndProject
Project("{9A19103F-16F7-4668-BE54-9A1E7A4F7556}") = "ProStep.Base", "ProStep.Base\ProStep.Base.csproj", "{DEFF2E2B-C23E-4F8F-B0D9-E4505ED83B08}"
EndProject
Project("{9A19103F-16F7-4668-BE54-9A1E7A4F7556}") = "ProStep.Courses", "ProStep.Courses\ProStep.Courses.csproj", "{887BC8D1-D53B-494B-B853-3F6D864BB9C4}"
EndProject
Project("{9A19103F-16F7-4668-BE54-9A1E7A4F7556}") = "ProStep.DataTransferObject", "ProStep.DataTransferObject\ProStep.DataTransferObject.csproj", "{6ED16E53-50EB-4012-9F6E-5583D062AB9A}"
EndProject
Project("{9A19103F-16F7-4668-BE54-9A1E7A4F7556}") = "ProStep.General", "ProStep.General\ProStep.General.csproj", "{F6260F94-D816-48C9-8376-8060748EC091}"
EndProject
Project("{9A19103F-16F7-4668-BE54-9A1E7A4F7556}") = "ProStep.Maps", "ProStep.Maps\ProStep.Maps.csproj", "{B9AE50A7-EC70-4E36-8D52-FE573E6FB9A9}"
EndProject
Project("{9A19103F-16F7-4668-BE54-9A1E7A4F7556}") = "ProStep.Security", "ProStep.Security\ProStep.Security.csproj", "{09FD4782-13E4-47D6-9608-7DA02A3B5E09}"
EndProject
Project("{9A19103F-16F7-4668-BE54-9A1E7A4F7556}") = "ProStep.Shared", "ProStep.Shared\ProStep.Shared.csproj", "{9EDE27EE-8B81-48E5-A484-8E495AF307DE}"
EndProject
Project("{9A19103F-16F7-4668-BE54-9A1E7A4F7556}") = "ProStep.Profile", "ProStep.Profile\ProStep.Profile.csproj", "{DB0F225A-CF4A-48ED-8BB9-7809AB2DD2C7}"
EndProject
Global
	GlobalSection(SolutionConfigurationPlatforms) = preSolution
		Debug|Any CPU = Debug|Any CPU
		Release|Any CPU = Release|Any CPU
	EndGlobalSection
	GlobalSection(ProjectConfigurationPlatforms) = postSolution
		{91DC3945-11C9-4731-8A5C-EBBCCB5BBFFD}.Debug|Any CPU.ActiveCfg = Debug|Any CPU
		{91DC3945-11C9-4731-8A5C-EBBCCB5BBFFD}.Debug|Any CPU.Build.0 = Debug|Any CPU
		{91DC3945-11C9-4731-8A5C-EBBCCB5BBFFD}.Release|Any CPU.ActiveCfg = Release|Any CPU
		{91DC3945-11C9-4731-8A5C-EBBCCB5BBFFD}.Release|Any CPU.Build.0 = Release|Any CPU
		{33F5F2E7-8BC6-4057-A08A-57F956E634C9}.Debug|Any CPU.ActiveCfg = Debug|Any CPU
		{33F5F2E7-8BC6-4057-A08A-57F956E634C9}.Debug|Any CPU.Build.0 = Debug|Any CPU
		{33F5F2E7-8BC6-4057-A08A-57F956E634C9}.Release|Any CPU.ActiveCfg = Release|Any CPU
		{33F5F2E7-8BC6-4057-A08A-57F956E634C9}.Release|Any CPU.Build.0 = Release|Any CPU
		{3528080D-F4A7-4E14-9034-FC23B1489EAF}.Debug|Any CPU.ActiveCfg = Debug|Any CPU
		{3528080D-F4A7-4E14-9034-FC23B1489EAF}.Debug|Any CPU.Build.0 = Debug|Any CPU
		{3528080D-F4A7-4E14-9034-FC23B1489EAF}.Release|Any CPU.ActiveCfg = Release|Any CPU
		{3528080D-F4A7-4E14-9034-FC23B1489EAF}.Release|Any CPU.Build.0 = Release|Any CPU
		{71B0F804-AFF4-442E-A9C1-F5C41DF7931E}.Debug|Any CPU.ActiveCfg = Debug|Any CPU
		{71B0F804-AFF4-442E-A9C1-F5C41DF7931E}.Debug|Any CPU.Build.0 = Debug|Any CPU
		{71B0F804-AFF4-442E-A9C1-F5C41DF7931E}.Release|Any CPU.ActiveCfg = Release|Any CPU
		{71B0F804-AFF4-442E-A9C1-F5C41DF7931E}.Release|Any CPU.Build.0 = Release|Any CPU
		{DEFF2E2B-C23E-4F8F-B0D9-E4505ED83B08}.Debug|Any CPU.ActiveCfg = Debug|Any CPU
		{DEFF2E2B-C23E-4F8F-B0D9-E4505ED83B08}.Debug|Any CPU.Build.0 = Debug|Any CPU
		{DEFF2E2B-C23E-4F8F-B0D9-E4505ED83B08}.Release|Any CPU.ActiveCfg = Release|Any CPU
		{DEFF2E2B-C23E-4F8F-B0D9-E4505ED83B08}.Release|Any CPU.Build.0 = Release|Any CPU
		{887BC8D1-D53B-494B-B853-3F6D864BB9C4}.Debug|Any CPU.ActiveCfg = Debug|Any CPU
		{887BC8D1-D53B-494B-B853-3F6D864BB9C4}.Debug|Any CPU.Build.0 = Debug|Any CPU
		{887BC8D1-D53B-494B-B853-3F6D864BB9C4}.Release|Any CPU.ActiveCfg = Release|Any CPU
		{887BC8D1-D53B-494B-B853-3F6D864BB9C4}.Release|Any CPU.Build.0 = Release|Any CPU
		{6ED16E53-50EB-4012-9F6E-5583D062AB9A}.Debug|Any CPU.ActiveCfg = Debug|Any CPU
		{6ED16E53-50EB-4012-9F6E-5583D062AB9A}.Debug|Any CPU.Build.0 = Debug|Any CPU
		{6ED16E53-50EB-4012-9F6E-5583D062AB9A}.Release|Any CPU.ActiveCfg = Release|Any CPU
		{6ED16E53-50EB-4012-9F6E-5583D062AB9A}.Release|Any CPU.Build.0 = Release|Any CPU
		{F6260F94-D816-48C9-8376-8060748EC091}.Debug|Any CPU.ActiveCfg = Debug|Any CPU
		{F6260F94-D816-48C9-8376-8060748EC091}.Debug|Any CPU.Build.0 = Debug|Any CPU
		{F6260F94-D816-48C9-8376-8060748EC091}.Release|Any CPU.ActiveCfg = Release|Any CPU
		{F6260F94-D816-48C9-8376-8060748EC091}.Release|Any CPU.Build.0 = Release|Any CPU
		{B9AE50A7-EC70-4E36-8D52-FE573E6FB9A9}.Debug|Any CPU.ActiveCfg = Debug|Any CPU
		{B9AE50A7-EC70-4E36-8D52-FE573E6FB9A9}.Debug|Any CPU.Build.0 = Debug|Any CPU
		{B9AE50A7-EC70-4E36-8D52-FE573E6FB9A9}.Release|Any CPU.ActiveCfg = Release|Any CPU
		{B9AE50A7-EC70-4E36-8D52-FE573E6FB9A9}.Release|Any CPU.Build.0 = Release|Any CPU
		{09FD4782-13E4-47D6-9608-7DA02A3B5E09}.Debug|Any CPU.ActiveCfg = Debug|Any CPU
		{09FD4782-13E4-47D6-9608-7DA02A3B5E09}.Debug|Any CPU.Build.0 = Debug|Any CPU
		{09FD4782-13E4-47D6-9608-7DA02A3B5E09}.Release|Any CPU.ActiveCfg = Release|Any CPU
		{09FD4782-13E4-47D6-9608-7DA02A3B5E09}.Release|Any CPU.Build.0 = Release|Any CPU
		{9EDE27EE-8B81-48E5-A484-8E495AF307DE}.Debug|Any CPU.ActiveCfg = Debug|Any CPU
		{9EDE27EE-8B81-48E5-A484-8E495AF307DE}.Debug|Any CPU.Build.0 = Debug|Any CPU
		{9EDE27EE-8B81-48E5-A484-8E495AF307DE}.Release|Any CPU.ActiveCfg = Release|Any CPU
		{9EDE27EE-8B81-48E5-A484-8E495AF307DE}.Release|Any CPU.Build.0 = Release|Any CPU
		{DB0F225A-CF4A-48ED-8BB9-7809AB2DD2C7}.Debug|Any CPU.ActiveCfg = Debug|Any CPU
		{DB0F225A-CF4A-48ED-8BB9-7809AB2DD2C7}.Debug|Any CPU.Build.0 = Debug|Any CPU
		{DB0F225A-CF4A-48ED-8BB9-7809AB2DD2C7}.Release|Any CPU.ActiveCfg = Release|Any CPU
		{DB0F225A-CF4A-48ED-8BB9-7809AB2DD2C7}.Release|Any CPU.Build.0 = Release|Any CPU
	EndGlobalSection
	GlobalSection(SolutionProperties) = preSolution
		HideSolutionNode = FALSE
	EndGlobalSection
	GlobalSection(NestedProjects) = preSolution
		{91DC3945-11C9-4731-8A5C-EBBCCB5BBFFD} = {E2BA88A1-20D3-4515-8C3D-D0CA10C4008A}
		{33F5F2E7-8BC6-4057-A08A-57F956E634C9} = {B46611FF-5DB0-46BC-B33F-F22BE7A6988E}
		{3528080D-F4A7-4E14-9034-FC23B1489EAF} = {A663AE45-56FC-4426-ABFF-EE04387781D9}
		{71B0F804-AFF4-442E-A9C1-F5C41DF7931E} = {B46611FF-5DB0-46BC-B33F-F22BE7A6988E}
		{DEFF2E2B-C23E-4F8F-B0D9-E4505ED83B08} = {CD278B0D-AE10-48F7-AF5B-42AE326A3DA3}
		{887BC8D1-D53B-494B-B853-3F6D864BB9C4} = {CD278B0D-AE10-48F7-AF5B-42AE326A3DA3}
		{6ED16E53-50EB-4012-9F6E-5583D062AB9A} = {CD278B0D-AE10-48F7-AF5B-42AE326A3DA3}
		{F6260F94-D816-48C9-8376-8060748EC091} = {CD278B0D-AE10-48F7-AF5B-42AE326A3DA3}
		{B9AE50A7-EC70-4E36-8D52-FE573E6FB9A9} = {CD278B0D-AE10-48F7-AF5B-42AE326A3DA3}
		{09FD4782-13E4-47D6-9608-7DA02A3B5E09} = {CD278B0D-AE10-48F7-AF5B-42AE326A3DA3}
		{9EDE27EE-8B81-48E5-A484-8E495AF307DE} = {CD278B0D-AE10-48F7-AF5B-42AE326A3DA3}
		{DB0F225A-CF4A-48ED-8BB9-7809AB2DD2C7} = {CD278B0D-AE10-48F7-AF5B-42AE326A3DA3}
	EndGlobalSection
	GlobalSection(ExtensibilityGlobals) = postSolution
		SolutionGuid = {525B43DB-D5D6-4012-8022-AADCF727F1F1}
	EndGlobalSection
EndGlobal
